
Microsoft Visual Studio Solution File, Format Version 12.00
# Visual Studio Version 16
VisualStudioVersion = 16.0.29806.167
MinimumVisualStudioVersion = 10.0.40219.1
Project("{2150E333-8FDC-42A3-9474-1A3956D46DE8}") = "proto", "proto", "{070BCA53-6A55-4D24-A649-B84DA8C4035D}"
	ProjectSection(SolutionItems) = preProject
		average.proto = average.proto
		dummy.proto = dummy.proto
		greeting.proto = greeting.proto
		max.proto = max.proto
		PrimeNumber.proto = PrimeNumber.proto
		squareRoot.proto = squareRoot.proto
		sum.proto = sum.proto
	EndProjectSection
EndProject
Project("{9A19103F-16F7-4668-BE54-9A1E7A4F7556}") = "Client", "Client\Client.csproj", "{A81A98B9-00D4-4EA5-A97A-B50F76854838}"
EndProject
Project("{9A19103F-16F7-4668-BE54-9A1E7A4F7556}") = "ServerApp", "Server\ServerApp.csproj", "{817C761F-AFD0-4471-9791-D55F48DA2F20}"
EndProject
Global
	GlobalSection(SolutionConfigurationPlatforms) = preSolution
		Debug|Any CPU = Debug|Any CPU
		Release|Any CPU = Release|Any CPU
	EndGlobalSection
	GlobalSection(ProjectConfigurationPlatforms) = postSolution
		{A81A98B9-00D4-4EA5-A97A-B50F76854838}.Debug|Any CPU.ActiveCfg = Debug|Any CPU
		{A81A98B9-00D4-4EA5-A97A-B50F76854838}.Debug|Any CPU.Build.0 = Debug|Any CPU
		{A81A98B9-00D4-4EA5-A97A-B50F76854838}.Release|Any CPU.ActiveCfg = Release|Any CPU
		{A81A98B9-00D4-4EA5-A97A-B50F76854838}.Release|Any CPU.Build.0 = Release|Any CPU
		{817C761F-AFD0-4471-9791-D55F48DA2F20}.Debug|Any CPU.ActiveCfg = Debug|Any CPU
		{817C761F-AFD0-4471-9791-D55F48DA2F20}.Debug|Any CPU.Build.0 = Debug|Any CPU
		{817C761F-AFD0-4471-9791-D55F48DA2F20}.Release|Any CPU.ActiveCfg = Release|Any CPU
		{817C761F-AFD0-4471-9791-D55F48DA2F20}.Release|Any CPU.Build.0 = Release|Any CPU
	EndGlobalSection
	GlobalSection(SolutionProperties) = preSolution
		HideSolutionNode = FALSE
	EndGlobalSection
	GlobalSection(ExtensibilityGlobals) = postSolution
		SolutionGuid = {616D3297-749F-4013-B507-94E0E1C5607B}
	EndGlobalSection
EndGlobal
